// !$*UTF8*$!
{
	archiveVersion = 1;
	classes = {
	};
	objectVersion = 50;
	objects = {

/* Begin PBXBuildFile section */
		2A39C2ECD92C4A914FCC3FEC /* Pods_Week4Assignment.framework in Frameworks */ = {isa = PBXBuildFile; fileRef = 665692577BDE27D7CFBF1FFA /* Pods_Week4Assignment.framework */; };
		864BEBF8217BBF2200EA8CAE /* AppDelegate.swift in Sources */ = {isa = PBXBuildFile; fileRef = 864BEBF7217BBF2200EA8CAE /* AppDelegate.swift */; };
		864BEBFD217BBF2200EA8CAE /* Main.storyboard in Resources */ = {isa = PBXBuildFile; fileRef = 864BEBFB217BBF2200EA8CAE /* Main.storyboard */; };
		864BEBFF217BBF2400EA8CAE /* Assets.xcassets in Resources */ = {isa = PBXBuildFile; fileRef = 864BEBFE217BBF2400EA8CAE /* Assets.xcassets */; };
		864BEC02217BBF2400EA8CAE /* LaunchScreen.storyboard in Resources */ = {isa = PBXBuildFile; fileRef = 864BEC00217BBF2400EA8CAE /* LaunchScreen.storyboard */; };
		864BEC0D217BBF2400EA8CAE /* Week4AssignmentTests.swift in Sources */ = {isa = PBXBuildFile; fileRef = 864BEC0C217BBF2400EA8CAE /* Week4AssignmentTests.swift */; };
		864BEC18217BBF2400EA8CAE /* Week4AssignmentUITests.swift in Sources */ = {isa = PBXBuildFile; fileRef = 864BEC17217BBF2400EA8CAE /* Week4AssignmentUITests.swift */; };
		86A7C4A6217BCA18004F7C5C /* LoginViewController.swift in Sources */ = {isa = PBXBuildFile; fileRef = 86A7C4A5217BCA18004F7C5C /* LoginViewController.swift */; };
		86A7C4A8217BCDD0004F7C5C /* SignUpViewController.swift in Sources */ = {isa = PBXBuildFile; fileRef = 86A7C4A7217BCDD0004F7C5C /* SignUpViewController.swift */; };
		86A7C4AA217BF088004F7C5C /* UserViewController.swift in Sources */ = {isa = PBXBuildFile; fileRef = 86A7C4A9217BF088004F7C5C /* UserViewController.swift */; };
		A9A266BF2D30FEADB2EBDFF3 /* Pods_Week4AssignmentUITests.framework in Frameworks */ = {isa = PBXBuildFile; fileRef = AD0D1543F2632281492D10BD /* Pods_Week4AssignmentUITests.framework */; };
		B702C7439C3D3DA497CDD29B /* Pods_Week4AssignmentTests.framework in Frameworks */ = {isa = PBXBuildFile; fileRef = 2D795F968587B6CD296EB2AA /* Pods_Week4AssignmentTests.framework */; };
/* End PBXBuildFile section */

/* Begin PBXContainerItemProxy section */
		864BEC09217BBF2400EA8CAE /* PBXContainerItemProxy */ = {
			isa = PBXContainerItemProxy;
			containerPortal = 864BEBEC217BBF2100EA8CAE /* Project object */;
			proxyType = 1;
			remoteGlobalIDString = 864BEBF3217BBF2200EA8CAE;
			remoteInfo = Week4Assignment;
		};
		864BEC14217BBF2400EA8CAE /* PBXContainerItemProxy */ = {
			isa = PBXContainerItemProxy;
			containerPortal = 864BEBEC217BBF2100EA8CAE /* Project object */;
			proxyType = 1;
			remoteGlobalIDString = 864BEBF3217BBF2200EA8CAE;
			remoteInfo = Week4Assignment;
		};
/* End PBXContainerItemProxy section */

/* Begin PBXFileReference section */
		07CCF727A6F3134B46768911 /* Pods-Week4Assignment.release.xcconfig */ = {isa = PBXFileReference; includeInIndex = 1; lastKnownFileType = text.xcconfig; name = "Pods-Week4Assignment.release.xcconfig"; path = "Target Support Files/Pods-Week4Assignment/Pods-Week4Assignment.release.xcconfig"; sourceTree = "<group>"; };
		17C1378691CA767045524859 /* Pods-Week4AssignmentTests.debug.xcconfig */ = {isa = PBXFileReference; includeInIndex = 1; lastKnownFileType = text.xcconfig; name = "Pods-Week4AssignmentTests.debug.xcconfig"; path = "Target Support Files/Pods-Week4AssignmentTests/Pods-Week4AssignmentTests.debug.xcconfig"; sourceTree = "<group>"; };
		2D795F968587B6CD296EB2AA /* Pods_Week4AssignmentTests.framework */ = {isa = PBXFileReference; explicitFileType = wrapper.framework; includeInIndex = 0; path = Pods_Week4AssignmentTests.framework; sourceTree = BUILT_PRODUCTS_DIR; };
		5B8D743AD41D67835E008223 /* Pods-Week4AssignmentUITests.debug.xcconfig */ = {isa = PBXFileReference; includeInIndex = 1; lastKnownFileType = text.xcconfig; name = "Pods-Week4AssignmentUITests.debug.xcconfig"; path = "Target Support Files/Pods-Week4AssignmentUITests/Pods-Week4AssignmentUITests.debug.xcconfig"; sourceTree = "<group>"; };
		665692577BDE27D7CFBF1FFA /* Pods_Week4Assignment.framework */ = {isa = PBXFileReference; explicitFileType = wrapper.framework; includeInIndex = 0; path = Pods_Week4Assignment.framework; sourceTree = BUILT_PRODUCTS_DIR; };
		864BEBF4217BBF2200EA8CAE /* Week4Assignment.app */ = {isa = PBXFileReference; explicitFileType = wrapper.application; includeInIndex = 0; path = Week4Assignment.app; sourceTree = BUILT_PRODUCTS_DIR; };
		864BEBF7217BBF2200EA8CAE /* AppDelegate.swift */ = {isa = PBXFileReference; lastKnownFileType = sourcecode.swift; path = AppDelegate.swift; sourceTree = "<group>"; };
		864BEBFC217BBF2200EA8CAE /* Base */ = {isa = PBXFileReference; lastKnownFileType = file.storyboard; name = Base; path = Base.lproj/Main.storyboard; sourceTree = "<group>"; };
		864BEBFE217BBF2400EA8CAE /* Assets.xcassets */ = {isa = PBXFileReference; lastKnownFileType = folder.assetcatalog; path = Assets.xcassets; sourceTree = "<group>"; };
		864BEC01217BBF2400EA8CAE /* Base */ = {isa = PBXFileReference; lastKnownFileType = file.storyboard; name = Base; path = Base.lproj/LaunchScreen.storyboard; sourceTree = "<group>"; };
		864BEC03217BBF2400EA8CAE /* Info.plist */ = {isa = PBXFileReference; lastKnownFileType = text.plist.xml; path = Info.plist; sourceTree = "<group>"; };
		864BEC08217BBF2400EA8CAE /* Week4AssignmentTests.xctest */ = {isa = PBXFileReference; explicitFileType = wrapper.cfbundle; includeInIndex = 0; path = Week4AssignmentTests.xctest; sourceTree = BUILT_PRODUCTS_DIR; };
		864BEC0C217BBF2400EA8CAE /* Week4AssignmentTests.swift */ = {isa = PBXFileReference; lastKnownFileType = sourcecode.swift; path = Week4AssignmentTests.swift; sourceTree = "<group>"; };
		864BEC0E217BBF2400EA8CAE /* Info.plist */ = {isa = PBXFileReference; lastKnownFileType = text.plist.xml; path = Info.plist; sourceTree = "<group>"; };
		864BEC13217BBF2400EA8CAE /* Week4AssignmentUITests.xctest */ = {isa = PBXFileReference; explicitFileType = wrapper.cfbundle; includeInIndex = 0; path = Week4AssignmentUITests.xctest; sourceTree = BUILT_PRODUCTS_DIR; };
		864BEC17217BBF2400EA8CAE /* Week4AssignmentUITests.swift */ = {isa = PBXFileReference; lastKnownFileType = sourcecode.swift; path = Week4AssignmentUITests.swift; sourceTree = "<group>"; };
		864BEC19217BBF2400EA8CAE /* Info.plist */ = {isa = PBXFileReference; lastKnownFileType = text.plist.xml; path = Info.plist; sourceTree = "<group>"; };
		86A7C4A5217BCA18004F7C5C /* LoginViewController.swift */ = {isa = PBXFileReference; lastKnownFileType = sourcecode.swift; path = LoginViewController.swift; sourceTree = "<group>"; };
		86A7C4A7217BCDD0004F7C5C /* SignUpViewController.swift */ = {isa = PBXFileReference; lastKnownFileType = sourcecode.swift; path = SignUpViewController.swift; sourceTree = "<group>"; };
		86A7C4A9217BF088004F7C5C /* UserViewController.swift */ = {isa = PBXFileReference; lastKnownFileType = sourcecode.swift; path = UserViewController.swift; sourceTree = "<group>"; };
		AD0D1543F2632281492D10BD /* Pods_Week4AssignmentUITests.framework */ = {isa = PBXFileReference; explicitFileType = wrapper.framework; includeInIndex = 0; path = Pods_Week4AssignmentUITests.framework; sourceTree = BUILT_PRODUCTS_DIR; };
		B4E91C54536292D41F5EC832 /* Pods-Week4AssignmentUITests.release.xcconfig */ = {isa = PBXFileReference; includeInIndex = 1; lastKnownFileType = text.xcconfig; name = "Pods-Week4AssignmentUITests.release.xcconfig"; path = "Target Support Files/Pods-Week4AssignmentUITests/Pods-Week4AssignmentUITests.release.xcconfig"; sourceTree = "<group>"; };
		D22C9243CFAAA698D396A415 /* Pods-Week4Assignment.debug.xcconfig */ = {isa = PBXFileReference; includeInIndex = 1; lastKnownFileType = text.xcconfig; name = "Pods-Week4Assignment.debug.xcconfig"; path = "Target Support Files/Pods-Week4Assignment/Pods-Week4Assignment.debug.xcconfig"; sourceTree = "<group>"; };
		D454BDC774663530F033EE67 /* Pods-Week4AssignmentTests.release.xcconfig */ = {isa = PBXFileReference; includeInIndex = 1; lastKnownFileType = text.xcconfig; name = "Pods-Week4AssignmentTests.release.xcconfig"; path = "Target Support Files/Pods-Week4AssignmentTests/Pods-Week4AssignmentTests.release.xcconfig"; sourceTree = "<group>"; };
/* End PBXFileReference section */

/* Begin PBXFrameworksBuildPhase section */
		864BEBF1217BBF2200EA8CAE /* Frameworks */ = {
			isa = PBXFrameworksBuildPhase;
			buildActionMask = 2147483647;
			files = (
				2A39C2ECD92C4A914FCC3FEC /* Pods_Week4Assignment.framework in Frameworks */,
			);
			runOnlyForDeploymentPostprocessing = 0;
		};
		864BEC05217BBF2400EA8CAE /* Frameworks */ = {
			isa = PBXFrameworksBuildPhase;
			buildActionMask = 2147483647;
			files = (
				B702C7439C3D3DA497CDD29B /* Pods_Week4AssignmentTests.framework in Frameworks */,
			);
			runOnlyForDeploymentPostprocessing = 0;
		};
		864BEC10217BBF2400EA8CAE /* Frameworks */ = {
			isa = PBXFrameworksBuildPhase;
			buildActionMask = 2147483647;
			files = (
				A9A266BF2D30FEADB2EBDFF3 /* Pods_Week4AssignmentUITests.framework in Frameworks */,
			);
			runOnlyForDeploymentPostprocessing = 0;
		};
/* End PBXFrameworksBuildPhase section */

/* Begin PBXGroup section */
		658E61496802CA9A0666F954 /* Pods */ = {
			isa = PBXGroup;
			children = (
				D22C9243CFAAA698D396A415 /* Pods-Week4Assignment.debug.xcconfig */,
				07CCF727A6F3134B46768911 /* Pods-Week4Assignment.release.xcconfig */,
				17C1378691CA767045524859 /* Pods-Week4AssignmentTests.debug.xcconfig */,
				D454BDC774663530F033EE67 /* Pods-Week4AssignmentTests.release.xcconfig */,
				5B8D743AD41D67835E008223 /* Pods-Week4AssignmentUITests.debug.xcconfig */,
				B4E91C54536292D41F5EC832 /* Pods-Week4AssignmentUITests.release.xcconfig */,
			);
			path = Pods;
			sourceTree = "<group>";
		};
		864BEBEB217BBF2100EA8CAE = {
			isa = PBXGroup;
			children = (
				864BEBF6217BBF2200EA8CAE /* Week4Assignment */,
				864BEC0B217BBF2400EA8CAE /* Week4AssignmentTests */,
				864BEC16217BBF2400EA8CAE /* Week4AssignmentUITests */,
				864BEBF5217BBF2200EA8CAE /* Products */,
				658E61496802CA9A0666F954 /* Pods */,
				C742DC76C83009724B6F907B /* Frameworks */,
			);
			sourceTree = "<group>";
		};
		864BEBF5217BBF2200EA8CAE /* Products */ = {
			isa = PBXGroup;
			children = (
				864BEBF4217BBF2200EA8CAE /* Week4Assignment.app */,
				864BEC08217BBF2400EA8CAE /* Week4AssignmentTests.xctest */,
				864BEC13217BBF2400EA8CAE /* Week4AssignmentUITests.xctest */,
			);
			name = Products;
			sourceTree = "<group>";
		};
		864BEBF6217BBF2200EA8CAE /* Week4Assignment */ = {
			isa = PBXGroup;
			children = (
				86A7C4A4217BCA09004F7C5C /* ViewController */,
				864BEBF7217BBF2200EA8CAE /* AppDelegate.swift */,
				864BEBFB217BBF2200EA8CAE /* Main.storyboard */,
				864BEBFE217BBF2400EA8CAE /* Assets.xcassets */,
				864BEC00217BBF2400EA8CAE /* LaunchScreen.storyboard */,
				864BEC03217BBF2400EA8CAE /* Info.plist */,
			);
			path = Week4Assignment;
			sourceTree = "<group>";
		};
		864BEC0B217BBF2400EA8CAE /* Week4AssignmentTests */ = {
			isa = PBXGroup;
			children = (
				864BEC0C217BBF2400EA8CAE /* Week4AssignmentTests.swift */,
				864BEC0E217BBF2400EA8CAE /* Info.plist */,
			);
			path = Week4AssignmentTests;
			sourceTree = "<group>";
		};
		864BEC16217BBF2400EA8CAE /* Week4AssignmentUITests */ = {
			isa = PBXGroup;
			children = (
				864BEC17217BBF2400EA8CAE /* Week4AssignmentUITests.swift */,
				864BEC19217BBF2400EA8CAE /* Info.plist */,
			);
			path = Week4AssignmentUITests;
			sourceTree = "<group>";
		};
		86A7C4A4217BCA09004F7C5C /* ViewController */ = {
			isa = PBXGroup;
			children = (
				86A7C4A5217BCA18004F7C5C /* LoginViewController.swift */,
				86A7C4A7217BCDD0004F7C5C /* SignUpViewController.swift */,
				86A7C4A9217BF088004F7C5C /* UserViewController.swift */,
			);
			path = ViewController;
			sourceTree = "<group>";
		};
		C742DC76C83009724B6F907B /* Frameworks */ = {
			isa = PBXGroup;
			children = (
				665692577BDE27D7CFBF1FFA /* Pods_Week4Assignment.framework */,
				2D795F968587B6CD296EB2AA /* Pods_Week4AssignmentTests.framework */,
				AD0D1543F2632281492D10BD /* Pods_Week4AssignmentUITests.framework */,
			);
			name = Frameworks;
			sourceTree = "<group>";
		};
/* End PBXGroup section */

/* Begin PBXNativeTarget section */
		864BEBF3217BBF2200EA8CAE /* Week4Assignment */ = {
			isa = PBXNativeTarget;
			buildConfigurationList = 864BEC1C217BBF2400EA8CAE /* Build configuration list for PBXNativeTarget "Week4Assignment" */;
			buildPhases = (
				B6ED9C15D8991A8B93330153 /* [CP] Check Pods Manifest.lock */,
				864BEBF0217BBF2200EA8CAE /* Sources */,
				864BEBF1217BBF2200EA8CAE /* Frameworks */,
				864BEBF2217BBF2200EA8CAE /* Resources */,
				BEB7B822EC61AC2F501034C8 /* [CP] Embed Pods Frameworks */,
			);
			buildRules = (
			);
			dependencies = (
			);
			name = Week4Assignment;
			productName = Week4Assignment;
			productReference = 864BEBF4217BBF2200EA8CAE /* Week4Assignment.app */;
			productType = "com.apple.product-type.application";
		};
		864BEC07217BBF2400EA8CAE /* Week4AssignmentTests */ = {
			isa = PBXNativeTarget;
			buildConfigurationList = 864BEC1F217BBF2400EA8CAE /* Build configuration list for PBXNativeTarget "Week4AssignmentTests" */;
			buildPhases = (
				C1C292BBF3E27BB0EB028B43 /* [CP] Check Pods Manifest.lock */,
				864BEC04217BBF2400EA8CAE /* Sources */,
				864BEC05217BBF2400EA8CAE /* Frameworks */,
				864BEC06217BBF2400EA8CAE /* Resources */,
			);
			buildRules = (
			);
			dependencies = (
				864BEC0A217BBF2400EA8CAE /* PBXTargetDependency */,
			);
			name = Week4AssignmentTests;
			productName = Week4AssignmentTests;
			productReference = 864BEC08217BBF2400EA8CAE /* Week4AssignmentTests.xctest */;
			productType = "com.apple.product-type.bundle.unit-test";
		};
		864BEC12217BBF2400EA8CAE /* Week4AssignmentUITests */ = {
			isa = PBXNativeTarget;
			buildConfigurationList = 864BEC22217BBF2400EA8CAE /* Build configuration list for PBXNativeTarget "Week4AssignmentUITests" */;
			buildPhases = (
				9AC147B79077DFEFC0F9B0F6 /* [CP] Check Pods Manifest.lock */,
				864BEC0F217BBF2400EA8CAE /* Sources */,
				864BEC10217BBF2400EA8CAE /* Frameworks */,
				864BEC11217BBF2400EA8CAE /* Resources */,
			);
			buildRules = (
			);
			dependencies = (
				864BEC15217BBF2400EA8CAE /* PBXTargetDependency */,
			);
			name = Week4AssignmentUITests;
			productName = Week4AssignmentUITests;
			productReference = 864BEC13217BBF2400EA8CAE /* Week4AssignmentUITests.xctest */;
			productType = "com.apple.product-type.bundle.ui-testing";
		};
/* End PBXNativeTarget section */

/* Begin PBXProject section */
		864BEBEC217BBF2100EA8CAE /* Project object */ = {
			isa = PBXProject;
			attributes = {
				LastSwiftUpdateCheck = 1000;
				LastUpgradeCheck = 1000;
				ORGANIZATIONNAME = "WaiYanPhyo Hein";
				TargetAttributes = {
					864BEBF3217BBF2200EA8CAE = {
						CreatedOnToolsVersion = 10.0;
					};
					864BEC07217BBF2400EA8CAE = {
						CreatedOnToolsVersion = 10.0;
						TestTargetID = 864BEBF3217BBF2200EA8CAE;
					};
					864BEC12217BBF2400EA8CAE = {
						CreatedOnToolsVersion = 10.0;
						TestTargetID = 864BEBF3217BBF2200EA8CAE;
					};
				};
			};
			buildConfigurationList = 864BEBEF217BBF2100EA8CAE /* Build configuration list for PBXProject "Week4Assignment" */;
			compatibilityVersion = "Xcode 9.3";
			developmentRegion = en;
			hasScannedForEncodings = 0;
			knownRegions = (
				en,
				Base,
			);
			mainGroup = 864BEBEB217BBF2100EA8CAE;
			productRefGroup = 864BEBF5217BBF2200EA8CAE /* Products */;
			projectDirPath = "";
			projectRoot = "";
			targets = (
				864BEBF3217BBF2200EA8CAE /* Week4Assignment */,
				864BEC07217BBF2400EA8CAE /* Week4AssignmentTests */,
				864BEC12217BBF2400EA8CAE /* Week4AssignmentUITests */,
			);
		};
/* End PBXProject section */

/* Begin PBXResourcesBuildPhase section */
		864BEBF2217BBF2200EA8CAE /* Resources */ = {
			isa = PBXResourcesBuildPhase;
			buildActionMask = 2147483647;
			files = (
				864BEC02217BBF2400EA8CAE /* LaunchScreen.storyboard in Resources */,
				864BEBFF217BBF2400EA8CAE /* Assets.xcassets in Resources */,
				864BEBFD217BBF2200EA8CAE /* Main.storyboard in Resources */,
			);
			runOnlyForDeploymentPostprocessing = 0;
		};
		864BEC06217BBF2400EA8CAE /* Resources */ = {
			isa = PBXResourcesBuildPhase;
			buildActionMask = 2147483647;
			files = (
			);
			runOnlyForDeploymentPostprocessing = 0;
		};
		864BEC11217BBF2400EA8CAE /* Resources */ = {
			isa = PBXResourcesBuildPhase;
			buildActionMask = 2147483647;
			files = (
			);
			runOnlyForDeploymentPostprocessing = 0;
		};
/* End PBXResourcesBuildPhase section */

/* Begin PBXShellScriptBuildPhase section */
		9AC147B79077DFEFC0F9B0F6 /* [CP] Check Pods Manifest.lock */ = {
			isa = PBXShellScriptBuildPhase;
			buildActionMask = 2147483647;
			files = (
			);
			inputFileListPaths = (
			);
			inputPaths = (
				"${PODS_PODFILE_DIR_PATH}/Podfile.lock",
				"${PODS_ROOT}/Manifest.lock",
			);
			name = "[CP] Check Pods Manifest.lock";
			outputFileListPaths = (
			);
			outputPaths = (
				"$(DERIVED_FILE_DIR)/Pods-Week4AssignmentUITests-checkManifestLockResult.txt",
			);
			runOnlyForDeploymentPostprocessing = 0;
			shellPath = /bin/sh;
			shellScript = "diff \"${PODS_PODFILE_DIR_PATH}/Podfile.lock\" \"${PODS_ROOT}/Manifest.lock\" > /dev/null\nif [ $? != 0 ] ; then\n    # print error to STDERR\n    echo \"error: The sandbox is not in sync with the Podfile.lock. Run 'pod install' or update your CocoaPods installation.\" >&2\n    exit 1\nfi\n# This output is used by Xcode 'outputs' to avoid re-running this script phase.\necho \"SUCCESS\" > \"${SCRIPT_OUTPUT_FILE_0}\"\n";
			showEnvVarsInLog = 0;
		};
		B6ED9C15D8991A8B93330153 /* [CP] Check Pods Manifest.lock */ = {
			isa = PBXShellScriptBuildPhase;
			buildActionMask = 2147483647;
			files = (
			);
			inputFileListPaths = (
			);
			inputPaths = (
				"${PODS_PODFILE_DIR_PATH}/Podfile.lock",
				"${PODS_ROOT}/Manifest.lock",
			);
			name = "[CP] Check Pods Manifest.lock";
			outputFileListPaths = (
			);
			outputPaths = (
				"$(DERIVED_FILE_DIR)/Pods-Week4Assignment-checkManifestLockResult.txt",
			);
			runOnlyForDeploymentPostprocessing = 0;
			shellPath = /bin/sh;
			shellScript = "diff \"${PODS_PODFILE_DIR_PATH}/Podfile.lock\" \"${PODS_ROOT}/Manifest.lock\" > /dev/null\nif [ $? != 0 ] ; then\n    # print error to STDERR\n    echo \"error: The sandbox is not in sync with the Podfile.lock. Run 'pod install' or update your CocoaPods installation.\" >&2\n    exit 1\nfi\n# This output is used by Xcode 'outputs' to avoid re-running this script phase.\necho \"SUCCESS\" > \"${SCRIPT_OUTPUT_FILE_0}\"\n";
			showEnvVarsInLog = 0;
		};
		BEB7B822EC61AC2F501034C8 /* [CP] Embed Pods Frameworks */ = {
			isa = PBXShellScriptBuildPhase;
			buildActionMask = 2147483647;
			files = (
			);
			inputFileListPaths = (
			);
			inputPaths = (
				"${PODS_ROOT}/Target Support Files/Pods-Week4Assignment/Pods-Week4Assignment-frameworks.sh",
				"${BUILT_PRODUCTS_DIR}/Bolts/Bolts.framework",
				"${BUILT_PRODUCTS_DIR}/NVActivityIndicatorView/NVActivityIndicatorView.framework",
				"${BUILT_PRODUCTS_DIR}/Parse/Parse.framework",
			);
			name = "[CP] Embed Pods Frameworks";
			outputFileListPaths = (
			);
			outputPaths = (
				"${TARGET_BUILD_DIR}/${FRAMEWORKS_FOLDER_PATH}/Bolts.framework",
				"${TARGET_BUILD_DIR}/${FRAMEWORKS_FOLDER_PATH}/NVActivityIndicatorView.framework",
				"${TARGET_BUILD_DIR}/${FRAMEWORKS_FOLDER_PATH}/Parse.framework",
			);
			runOnlyForDeploymentPostprocessing = 0;
			shellPath = /bin/sh;
			shellScript = "\"${PODS_ROOT}/Target Support Files/Pods-Week4Assignment/Pods-Week4Assignment-frameworks.sh\"\n";
			showEnvVarsInLog = 0;
		};
		C1C292BBF3E27BB0EB028B43 /* [CP] Check Pods Manifest.lock */ = {
			isa = PBXShellScriptBuildPhase;
			buildActionMask = 2147483647;
			files = (
			);
			inputFileListPaths = (
			);
			inputPaths = (
				"${PODS_PODFILE_DIR_PATH}/Podfile.lock",
				"${PODS_ROOT}/Manifest.lock",
			);
			name = "[CP] Check Pods Manifest.lock";
			outputFileListPaths = (
			);
			outputPaths = (
				"$(DERIVED_FILE_DIR)/Pods-Week4AssignmentTests-checkManifestLockResult.txt",
			);
			runOnlyForDeploymentPostprocessing = 0;
			shellPath = /bin/sh;
			shellScript = "diff \"${PODS_PODFILE_DIR_PATH}/Podfile.lock\" \"${PODS_ROOT}/Manifest.lock\" > /dev/null\nif [ $? != 0 ] ; then\n    # print error to STDERR\n    echo \"error: The sandbox is not in sync with the Podfile.lock. Run 'pod install' or update your CocoaPods installation.\" >&2\n    exit 1\nfi\n# This output is used by Xcode 'outputs' to avoid re-running this script phase.\necho \"SUCCESS\" > \"${SCRIPT_OUTPUT_FILE_0}\"\n";
			showEnvVarsInLog = 0;
		};
/* End PBXShellScriptBuildPhase section */

/* Begin PBXSourcesBuildPhase section */
		864BEBF0217BBF2200EA8CAE /* Sources */ = {
			isa = PBXSourcesBuildPhase;
			buildActionMask = 2147483647;
			files = (
				86A7C4A6217BCA18004F7C5C /* LoginViewController.swift in Sources */,
				86A7C4AA217BF088004F7C5C /* UserViewController.swift in Sources */,
				86A7C4A8217BCDD0004F7C5C /* SignUpViewController.swift in Sources */,
				864BEBF8217BBF2200EA8CAE /* AppDelegate.swift in Sources */,
			);
			runOnlyForDeploymentPostprocessing = 0;
		};
		864BEC04217BBF2400EA8CAE /* Sources */ = {
			isa = PBXSourcesBuildPhase;
			buildActionMask = 2147483647;
			files = (
				864BEC0D217BBF2400EA8CAE /* Week4AssignmentTests.swift in Sources */,
			);
			runOnlyForDeploymentPostprocessing = 0;
		};
		864BEC0F217BBF2400EA8CAE /* Sources */ = {
			isa = PBXSourcesBuildPhase;
			buildActionMask = 2147483647;
			files = (
				864BEC18217BBF2400EA8CAE /* Week4AssignmentUITests.swift in Sources */,
			);
			runOnlyForDeploymentPostprocessing = 0;
		};
/* End PBXSourcesBuildPhase section */

/* Begin PBXTargetDependency section */
		864BEC0A217BBF2400EA8CAE /* PBXTargetDependency */ = {
			isa = PBXTargetDependency;
			target = 864BEBF3217BBF2200EA8CAE /* Week4Assignment */;
			targetProxy = 864BEC09217BBF2400EA8CAE /* PBXContainerItemProxy */;
		};
		864BEC15217BBF2400EA8CAE /* PBXTargetDependency */ = {
			isa = PBXTargetDependency;
			target = 864BEBF3217BBF2200EA8CAE /* Week4Assignment */;
			targetProxy = 864BEC14217BBF2400EA8CAE /* PBXContainerItemProxy */;
		};
/* End PBXTargetDependency section */

/* Begin PBXVariantGroup section */
		864BEBFB217BBF2200EA8CAE /* Main.storyboard */ = {
			isa = PBXVariantGroup;
			children = (
				864BEBFC217BBF2200EA8CAE /* Base */,
			);
			name = Main.storyboard;
			sourceTree = "<group>";
		};
		864BEC00217BBF2400EA8CAE /* LaunchScreen.storyboard */ = {
			isa = PBXVariantGroup;
			children = (
				864BEC01217BBF2400EA8CAE /* Base */,
			);
			name = LaunchScreen.storyboard;
			sourceTree = "<group>";
		};
/* End PBXVariantGroup section */

/* Begin XCBuildConfiguration section */
		864BEC1A217BBF2400EA8CAE /* Debug */ = {
			isa = XCBuildConfiguration;
			buildSettings = {
				ALWAYS_SEARCH_USER_PATHS = NO;
				CLANG_ANALYZER_NONNULL = YES;
				CLANG_ANALYZER_NUMBER_OBJECT_CONVERSION = YES_AGGRESSIVE;
				CLANG_CXX_LANGUAGE_STANDARD = "gnu++14";
				CLANG_CXX_LIBRARY = "libc++";
				CLANG_ENABLE_MODULES = YES;
				CLANG_ENABLE_OBJC_ARC = YES;
				CLANG_ENABLE_OBJC_WEAK = YES;
				CLANG_WARN_BLOCK_CAPTURE_AUTORELEASING = YES;
				CLANG_WARN_BOOL_CONVERSION = YES;
				CLANG_WARN_COMMA = YES;
				CLANG_WARN_CONSTANT_CONVERSION = YES;
				CLANG_WARN_DEPRECATED_OBJC_IMPLEMENTATIONS = YES;
				CLANG_WARN_DIRECT_OBJC_ISA_USAGE = YES_ERROR;
				CLANG_WARN_DOCUMENTATION_COMMENTS = YES;
				CLANG_WARN_EMPTY_BODY = YES;
				CLANG_WARN_ENUM_CONVERSION = YES;
				CLANG_WARN_INFINITE_RECURSION = YES;
				CLANG_WARN_INT_CONVERSION = YES;
				CLANG_WARN_NON_LITERAL_NULL_CONVERSION = YES;
				CLANG_WARN_OBJC_IMPLICIT_RETAIN_SELF = YES;
				CLANG_WARN_OBJC_LITERAL_CONVERSION = YES;
				CLANG_WARN_OBJC_ROOT_CLASS = YES_ERROR;
				CLANG_WARN_RANGE_LOOP_ANALYSIS = YES;
				CLANG_WARN_STRICT_PROTOTYPES = YES;
				CLANG_WARN_SUSPICIOUS_MOVE = YES;
				CLANG_WARN_UNGUARDED_AVAILABILITY = YES_AGGRESSIVE;
				CLANG_WARN_UNREACHABLE_CODE = YES;
				CLANG_WARN__DUPLICATE_METHOD_MATCH = YES;
				CODE_SIGN_IDENTITY = "iPhone Developer";
				COPY_PHASE_STRIP = NO;
				DEBUG_INFORMATION_FORMAT = dwarf;
				ENABLE_STRICT_OBJC_MSGSEND = YES;
				ENABLE_TESTABILITY = YES;
				GCC_C_LANGUAGE_STANDARD = gnu11;
				GCC_DYNAMIC_NO_PIC = NO;
				GCC_NO_COMMON_BLOCKS = YES;
				GCC_OPTIMIZATION_LEVEL = 0;
				GCC_PREPROCESSOR_DEFINITIONS = (
					"DEBUG=1",
					"$(inherited)",
				);
				GCC_WARN_64_TO_32_BIT_CONVERSION = YES;
				GCC_WARN_ABOUT_RETURN_TYPE = YES_ERROR;
				GCC_WARN_UNDECLARED_SELECTOR = YES;
				GCC_WARN_UNINITIALIZED_AUTOS = YES_AGGRESSIVE;
				GCC_WARN_UNUSED_FUNCTION = YES;
				GCC_WARN_UNUSED_VARIABLE = YES;
				IPHONEOS_DEPLOYMENT_TARGET = 12.0;
				MTL_ENABLE_DEBUG_INFO = INCLUDE_SOURCE;
				MTL_FAST_MATH = YES;
				ONLY_ACTIVE_ARCH = YES;
				SDKROOT = iphoneos;
				SWIFT_ACTIVE_COMPILATION_CONDITIONS = DEBUG;
				SWIFT_OPTIMIZATION_LEVEL = "-Onone";
			};
			name = Debug;
		};
		864BEC1B217BBF2400EA8CAE /* Release */ = {
			isa = XCBuildConfiguration;
			buildSettings = {
				ALWAYS_SEARCH_USER_PATHS = NO;
				CLANG_ANALYZER_NONNULL = YES;
				CLANG_ANALYZER_NUMBER_OBJECT_CONVERSION = YES_AGGRESSIVE;
				CLANG_CXX_LANGUAGE_STANDARD = "gnu++14";
				CLANG_CXX_LIBRARY = "libc++";
				CLANG_ENABLE_MODULES = YES;
				CLANG_ENABLE_OBJC_ARC = YES;
				CLANG_ENABLE_OBJC_WEAK = YES;
				CLANG_WARN_BLOCK_CAPTURE_AUTORELEASING = YES;
				CLANG_WARN_BOOL_CONVERSION = YES;
				CLANG_WARN_COMMA = YES;
				CLANG_WARN_CONSTANT_CONVERSION = YES;
				CLANG_WARN_DEPRECATED_OBJC_IMPLEMENTATIONS = YES;
				CLANG_WARN_DIRECT_OBJC_ISA_USAGE = YES_ERROR;
				CLANG_WARN_DOCUMENTATION_COMMENTS = YES;
				CLANG_WARN_EMPTY_BODY = YES;
				CLANG_WARN_ENUM_CONVERSION = YES;
				CLANG_WARN_INFINITE_RECURSION = YES;
				CLANG_WARN_INT_CONVERSION = YES;
				CLANG_WARN_NON_LITERAL_NULL_CONVERSION = YES;
				CLANG_WARN_OBJC_IMPLICIT_RETAIN_SELF = YES;
				CLANG_WARN_OBJC_LITERAL_CONVERSION = YES;
				CLANG_WARN_OBJC_ROOT_CLASS = YES_ERROR;
				CLANG_WARN_RANGE_LOOP_ANALYSIS = YES;
				CLANG_WARN_STRICT_PROTOTYPES = YES;
				CLANG_WARN_SUSPICIOUS_MOVE = YES;
				CLANG_WARN_UNGUARDED_AVAILABILITY = YES_AGGRESSIVE;
				CLANG_WARN_UNREACHABLE_CODE = YES;
				CLANG_WARN__DUPLICATE_METHOD_MATCH = YES;
				CODE_SIGN_IDENTITY = "iPhone Developer";
				COPY_PHASE_STRIP = NO;
				DEBUG_INFORMATION_FORMAT = "dwarf-with-dsym";
				ENABLE_NS_ASSERTIONS = NO;
				ENABLE_STRICT_OBJC_MSGSEND = YES;
				GCC_C_LANGUAGE_STANDARD = gnu11;
				GCC_NO_COMMON_BLOCKS = YES;
				GCC_WARN_64_TO_32_BIT_CONVERSION = YES;
				GCC_WARN_ABOUT_RETURN_TYPE = YES_ERROR;
				GCC_WARN_UNDECLARED_SELECTOR = YES;
				GCC_WARN_UNINITIALIZED_AUTOS = YES_AGGRESSIVE;
				GCC_WARN_UNUSED_FUNCTION = YES;
				GCC_WARN_UNUSED_VARIABLE = YES;
				IPHONEOS_DEPLOYMENT_TARGET = 12.0;
				MTL_ENABLE_DEBUG_INFO = NO;
				MTL_FAST_MATH = YES;
				SDKROOT = iphoneos;
				SWIFT_COMPILATION_MODE = wholemodule;
				SWIFT_OPTIMIZATION_LEVEL = "-O";
				VALIDATE_PRODUCT = YES;
			};
			name = Release;
		};
		864BEC1D217BBF2400EA8CAE /* Debug */ = {
			isa = XCBuildConfiguration;
			baseConfigurationReference = D22C9243CFAAA698D396A415 /* Pods-Week4Assignment.debug.xcconfig */;
			buildSettings = {
				ASSETCATALOG_COMPILER_APPICON_NAME = AppIcon;
				CODE_SIGN_STYLE = Automatic;
				DEVELOPMENT_TEAM = HAF85GW48Z;
				INFOPLIST_FILE = Week4Assignment/Info.plist;
				LD_RUNPATH_SEARCH_PATHS = (
					"$(inherited)",
					"@executable_path/Frameworks",
				);
				PRODUCT_BUNDLE_IDENTIFIER = com.codepath.Week4Assignment;
				PRODUCT_NAME = "$(TARGET_NAME)";
				SWIFT_VERSION = 4.2;
				TARGETED_DEVICE_FAMILY = "1,2";
			};
			name = Debug;
		};
		864BEC1E217BBF2400EA8CAE /* Release */ = {
			isa = XCBuildConfiguration;
			baseConfigurationReference = 07CCF727A6F3134B46768911 /* Pods-Week4Assignment.release.xcconfig */;
			buildSettings = {
				ASSETCATALOG_COMPILER_APPICON_NAME = AppIcon;
				CODE_SIGN_STYLE = Automatic;
				DEVELOPMENT_TEAM = HAF85GW48Z;
				INFOPLIST_FILE = Week4Assignment/Info.plist;
				LD_RUNPATH_SEARCH_PATHS = (
					"$(inherited)",
					"@executable_path/Frameworks",
				);
				PRODUCT_BUNDLE_IDENTIFIER = com.codepath.Week4Assignment;
				PRODUCT_NAME = "$(TARGET_NAME)";
				SWIFT_VERSION = 4.2;
				TARGETED_DEVICE_FAMILY = "1,2";
			};
			name = Release;
		};
		864BEC20217BBF2400EA8CAE /* Debug */ = {
			isa = XCBuildConfiguration;
			baseConfigurationReference = 17C1378691CA767045524859 /* Pods-Week4AssignmentTests.debug.xcconfig */;
			buildSettings = {
				ALWAYS_EMBED_SWIFT_STANDARD_LIBRARIES = YES;
				BUNDLE_LOADER = "$(TEST_HOST)";
				CODE_SIGN_STYLE = Automatic;
				DEVELOPMENT_TEAM = HAF85GW48Z;
				INFOPLIST_FILE = Week4AssignmentTests/Info.plist;
				LD_RUNPATH_SEARCH_PATHS = (
					"$(inherited)",
					"@executable_path/Frameworks",
					"@loader_path/Frameworks",
				);
				PRODUCT_BUNDLE_IDENTIFIER = com.codepath.Week4AssignmentTests;
				PRODUCT_NAME = "$(TARGET_NAME)";
				SWIFT_VERSION = 4.2;
				TARGETED_DEVICE_FAMILY = "1,2";
				TEST_HOST = "$(BUILT_PRODUCTS_DIR)/Week4Assignment.app/Week4Assignment";
			};
			name = Debug;
		};
		864BEC21217BBF2400EA8CAE /* Release */ = {
			isa = XCBuildConfiguration;
			baseConfigurationReference = D454BDC774663530F033EE67 /* Pods-Week4AssignmentTests.release.xcconfig */;
			buildSettings = {
				ALWAYS_EMBED_SWIFT_STANDARD_LIBRARIES = YES;
				BUNDLE_LOADER = "$(TEST_HOST)";
				CODE_SIGN_STYLE = Automatic;
				DEVELOPMENT_TEAM = HAF85GW48Z;
				INFOPLIST_FILE = Week4AssignmentTests/Info.plist;
				LD_RUNPATH_SEARCH_PATHS = (
					"$(inherited)",
					"@executable_path/Frameworks",
					"@loader_path/Frameworks",
				);
				PRODUCT_BUNDLE_IDENTIFIER = com.codepath.Week4AssignmentTests;
				PRODUCT_NAME = "$(TARGET_NAME)";
				SWIFT_VERSION = 4.2;
				TARGETED_DEVICE_FAMILY = "1,2";
				TEST_HOST = "$(BUILT_PRODUCTS_DIR)/Week4Assignment.app/Week4Assignment";
			};
			name = Release;
		};
		864BEC23217BBF2400EA8CAE /* Debug */ = {
			isa = XCBuildConfiguration;
			baseConfigurationReference = 5B8D743AD41D67835E008223 /* Pods-Week4AssignmentUITests.debug.xcconfig */;
			buildSettings = {
				ALWAYS_EMBED_SWIFT_STANDARD_LIBRARIES = YES;
				CODE_SIGN_STYLE = Automatic;
				DEVELOPMENT_TEAM = HAF85GW48Z;
				INFOPLIST_FILE = Week4AssignmentUITests/Info.plist;
				LD_RUNPATH_SEARCH_PATHS = (
					"$(inherited)",
					"@executable_path/Frameworks",
					"@loader_path/Frameworks",
				);
				PRODUCT_BUNDLE_IDENTIFIER = com.codepath.Week4AssignmentUITests;
				PRODUCT_NAME = "$(TARGET_NAME)";
				SWIFT_VERSION = 4.2;
				TARGETED_DEVICE_FAMILY = "1,2";
				TEST_TARGET_NAME = Week4Assignment;
			};
			name = Debug;
		};
		864BEC24217BBF2400EA8CAE /* Release */ = {
			isa = XCBuildConfiguration;
			baseConfigurationReference = B4E91C54536292D41F5EC832 /* Pods-Week4AssignmentUITests.release.xcconfig */;
			buildSettings = {
				ALWAYS_EMBED_SWIFT_STANDARD_LIBRARIES = YES;
				CODE_SIGN_STYLE = Automatic;
				DEVELOPMENT_TEAM = HAF85GW48Z;
				INFOPLIST_FILE = Week4AssignmentUITests/Info.plist;
				LD_RUNPATH_SEARCH_PATHS = (
					"$(inherited)",
					"@executable_path/Frameworks",
					"@loader_path/Frameworks",
				);
				PRODUCT_BUNDLE_IDENTIFIER = com.codepath.Week4AssignmentUITests;
				PRODUCT_NAME = "$(TARGET_NAME)";
				SWIFT_VERSION = 4.2;
				TARGETED_DEVICE_FAMILY = "1,2";
				TEST_TARGET_NAME = Week4Assignment;
			};
			name = Release;
		};
/* End XCBuildConfiguration section */

/* Begin XCConfigurationList section */
		864BEBEF217BBF2100EA8CAE /* Build configuration list for PBXProject "Week4Assignment" */ = {
			isa = XCConfigurationList;
			buildConfigurations = (
				864BEC1A217BBF2400EA8CAE /* Debug */,
				864BEC1B217BBF2400EA8CAE /* Release */,
			);
			defaultConfigurationIsVisible = 0;
			defaultConfigurationName = Release;
		};
		864BEC1C217BBF2400EA8CAE /* Build configuration list for PBXNativeTarget "Week4Assignment" */ = {
			isa = XCConfigurationList;
			buildConfigurations = (
				864BEC1D217BBF2400EA8CAE /* Debug */,
				864BEC1E217BBF2400EA8CAE /* Release */,
			);
			defaultConfigurationIsVisible = 0;
			defaultConfigurationName = Release;
		};
		864BEC1F217BBF2400EA8CAE /* Build configuration list for PBXNativeTarget "Week4AssignmentTests" */ = {
			isa = XCConfigurationList;
			buildConfigurations = (
				864BEC20217BBF2400EA8CAE /* Debug */,
				864BEC21217BBF2400EA8CAE /* Release */,
			);
			defaultConfigurationIsVisible = 0;
			defaultConfigurationName = Release;
		};
		864BEC22217BBF2400EA8CAE /* Build configuration list for PBXNativeTarget "Week4AssignmentUITests" */ = {
			isa = XCConfigurationList;
			buildConfigurations = (
				864BEC23217BBF2400EA8CAE /* Debug */,
				864BEC24217BBF2400EA8CAE /* Release */,
			);
			defaultConfigurationIsVisible = 0;
			defaultConfigurationName = Release;
		};
/* End XCConfigurationList section */
	};
	rootObject = 864BEBEC217BBF2100EA8CAE /* Project object */;
}
